
Microsoft Visual Studio Solution File, Format Version 12.00
# Visual Studio Version 16
VisualStudioVersion = 16.0.30011.22
MinimumVisualStudioVersion = 10.0.40219.1
Project("{FAE04EC0-301F-11D3-BF4B-00C04F79EFBC}") = "Tarea9y10Inge", "Tarea9y10Inge\Tarea9y10Inge.csproj", "{C8BEE7A6-A9BE-4B09-BEB8-97F42EBD1F6E}"
EndProject
Project("{FAE04EC0-301F-11D3-BF4B-00C04F79EFBC}") = "UnitTestTarea9y10", "UnitTestTarea9y10\UnitTestTarea9y10.csproj", "{C30C7C00-F588-478D-8906-2C3A63D3E217}"
EndProject
Global
	GlobalSection(SolutionConfigurationPlatforms) = preSolution
		Debug|Any CPU = Debug|Any CPU
		Release|Any CPU = Release|Any CPU
	EndGlobalSection
	GlobalSection(ProjectConfigurationPlatforms) = postSolution
		{C8BEE7A6-A9BE-4B09-BEB8-97F42EBD1F6E}.Debug|Any CPU.ActiveCfg = Debug|Any CPU
		{C8BEE7A6-A9BE-4B09-BEB8-97F42EBD1F6E}.Debug|Any CPU.Build.0 = Debug|Any CPU
		{C8BEE7A6-A9BE-4B09-BEB8-97F42EBD1F6E}.Release|Any CPU.ActiveCfg = Release|Any CPU
		{C8BEE7A6-A9BE-4B09-BEB8-97F42EBD1F6E}.Release|Any CPU.Build.0 = Release|Any CPU
		{C30C7C00-F588-478D-8906-2C3A63D3E217}.Debug|Any CPU.ActiveCfg = Debug|Any CPU
		{C30C7C00-F588-478D-8906-2C3A63D3E217}.Debug|Any CPU.Build.0 = Debug|Any CPU
		{C30C7C00-F588-478D-8906-2C3A63D3E217}.Release|Any CPU.ActiveCfg = Release|Any CPU
		{C30C7C00-F588-478D-8906-2C3A63D3E217}.Release|Any CPU.Build.0 = Release|Any CPU
	EndGlobalSection
	GlobalSection(SolutionProperties) = preSolution
		HideSolutionNode = FALSE
	EndGlobalSection
	GlobalSection(ExtensibilityGlobals) = postSolution
		SolutionGuid = {2DEC6DC6-5F1E-4B08-8FE2-96E1CCAF5BDA}
	EndGlobalSection
EndGlobal
